// !$*UTF8*$!
{
	archiveVersion = 1;
	classes = {
	};
	objectVersion = 46;
	objects = {

/* Begin PBXBuildFile section */
		C5271F8F1AA76E9B00A7695E /* SKMaps.framework in Frameworks */ = {isa = PBXBuildFile; fileRef = C5271F8E1AA76E9B00A7695E /* SKMaps.framework */; };
		C5271F901AA76E9B00A7695E /* SKMaps.framework in Frameworks */ = {isa = PBXBuildFile; fileRef = C5271F8E1AA76E9B00A7695E /* SKMaps.framework */; };
		C5271F921AA76EB600A7695E /* SKMaps.framework in Embed Frameworks */ = {isa = PBXBuildFile; fileRef = C5271F8E1AA76E9B00A7695E /* SKMaps.framework */; settings = {ATTRIBUTES = (CodeSignOnCopy, RemoveHeadersOnCopy, ); }; };
		C5271F941AA76FF300A7695E /* SKMaps.framework in Embed Frameworks */ = {isa = PBXBuildFile; fileRef = C5271F8E1AA76E9B00A7695E /* SKMaps.framework */; settings = {ATTRIBUTES = (CodeSignOnCopy, RemoveHeadersOnCopy, ); }; };
		C5271F971AA770BD00A7695E /* SKMaps.bundle in Resources */ = {isa = PBXBuildFile; fileRef = C5271F961AA770BD00A7695E /* SKMaps.bundle */; };
		C5271F981AA770BD00A7695E /* SKMaps.bundle in Resources */ = {isa = PBXBuildFile; fileRef = C5271F961AA770BD00A7695E /* SKMaps.bundle */; };
		C577D3E81AA58F9900B0C7F9 /* AppDelegate.swift in Sources */ = {isa = PBXBuildFile; fileRef = C577D3E71AA58F9900B0C7F9 /* AppDelegate.swift */; };
		C577D3EA1AA58F9900B0C7F9 /* ViewController.swift in Sources */ = {isa = PBXBuildFile; fileRef = C577D3E91AA58F9900B0C7F9 /* ViewController.swift */; };
		C577D3ED1AA58F9900B0C7F9 /* Main.storyboard in Resources */ = {isa = PBXBuildFile; fileRef = C577D3EB1AA58F9900B0C7F9 /* Main.storyboard */; };
		C577D3EF1AA58F9900B0C7F9 /* Images.xcassets in Resources */ = {isa = PBXBuildFile; fileRef = C577D3EE1AA58F9900B0C7F9 /* Images.xcassets */; };
		C577D3F21AA58F9900B0C7F9 /* LaunchScreen.xib in Resources */ = {isa = PBXBuildFile; fileRef = C577D3F01AA58F9900B0C7F9 /* LaunchScreen.xib */; };
		C577D3FE1AA58F9900B0C7F9 /* ApWatchGPS_SKMapsTests.swift in Sources */ = {isa = PBXBuildFile; fileRef = C577D3FD1AA58F9900B0C7F9 /* ApWatchGPS_SKMapsTests.swift */; };
		C577D40F1AA5913500B0C7F9 /* UIKit.framework in Frameworks */ = {isa = PBXBuildFile; fileRef = C577D40E1AA5913500B0C7F9 /* UIKit.framework */; };
		C577D4111AA5914300B0C7F9 /* Foundation.framework in Frameworks */ = {isa = PBXBuildFile; fileRef = C577D4101AA5914300B0C7F9 /* Foundation.framework */; };
		C577D4131AA5915300B0C7F9 /* CoreLocation.framework in Frameworks */ = {isa = PBXBuildFile; fileRef = C577D4121AA5915200B0C7F9 /* CoreLocation.framework */; };
		C577D4151AA5915F00B0C7F9 /* OpenGLES.framework in Frameworks */ = {isa = PBXBuildFile; fileRef = C577D4141AA5915F00B0C7F9 /* OpenGLES.framework */; };
		C577D4171AA5916900B0C7F9 /* QuartzCore.framework in Frameworks */ = {isa = PBXBuildFile; fileRef = C577D4161AA5916900B0C7F9 /* QuartzCore.framework */; };
		C577D4191AA5917500B0C7F9 /* CoreGraphics.framework in Frameworks */ = {isa = PBXBuildFile; fileRef = C577D4181AA5917500B0C7F9 /* CoreGraphics.framework */; };
		C577D4201AA5939200B0C7F9 /* libstdc++.dylib in Frameworks */ = {isa = PBXBuildFile; fileRef = C577D41F1AA5939200B0C7F9 /* libstdc++.dylib */; };
		C577D4221AA593A700B0C7F9 /* libc++.dylib in Frameworks */ = {isa = PBXBuildFile; fileRef = C577D4211AA593A700B0C7F9 /* libc++.dylib */; };
		C5B85ADD1AA5E9F5009960DC /* InterfaceController.swift in Sources */ = {isa = PBXBuildFile; fileRef = C5B85ADC1AA5E9F5009960DC /* InterfaceController.swift */; };
		C5B85ADF1AA5E9F5009960DC /* NotificationController.swift in Sources */ = {isa = PBXBuildFile; fileRef = C5B85ADE1AA5E9F5009960DC /* NotificationController.swift */; };
		C5B85AE11AA5E9F5009960DC /* Images.xcassets in Resources */ = {isa = PBXBuildFile; fileRef = C5B85AE01AA5E9F5009960DC /* Images.xcassets */; };
		C5B85AE51AA5E9F5009960DC /* ApWatchGPS-SKMaps WatchKit App.app in Resources */ = {isa = PBXBuildFile; fileRef = C5B85AE41AA5E9F5009960DC /* ApWatchGPS-SKMaps WatchKit App.app */; };
		C5B85AED1AA5E9F5009960DC /* Interface.storyboard in Resources */ = {isa = PBXBuildFile; fileRef = C5B85AEB1AA5E9F5009960DC /* Interface.storyboard */; };
		C5B85AEF1AA5E9F5009960DC /* Images.xcassets in Resources */ = {isa = PBXBuildFile; fileRef = C5B85AEE1AA5E9F5009960DC /* Images.xcassets */; };
		C5B85AF21AA5E9F5009960DC /* ApWatchGPS-SKMaps WatchKit Extension.appex in Embed App Extensions */ = {isa = PBXBuildFile; fileRef = C5B85AD71AA5E9F5009960DC /* ApWatchGPS-SKMaps WatchKit Extension.appex */; settings = {ATTRIBUTES = (RemoveHeadersOnCopy, ); }; };
		C5B85B041AA6E26A009960DC /* MMWormhole.m in Sources */ = {isa = PBXBuildFile; fileRef = C5B85B031AA6E26A009960DC /* MMWormhole.m */; };
		C5B85B051AA6E26A009960DC /* MMWormhole.m in Sources */ = {isa = PBXBuildFile; fileRef = C5B85B031AA6E26A009960DC /* MMWormhole.m */; };
/* End PBXBuildFile section */

/* Begin PBXContainerItemProxy section */
		C577D3F81AA58F9900B0C7F9 /* PBXContainerItemProxy */ = {
			isa = PBXContainerItemProxy;
			containerPortal = C577D3DA1AA58F9900B0C7F9 /* Project object */;
			proxyType = 1;
			remoteGlobalIDString = C577D3E11AA58F9900B0C7F9;
			remoteInfo = "ApWatchGPS-SKMaps";
		};
		C5B85AE61AA5E9F5009960DC /* PBXContainerItemProxy */ = {
			isa = PBXContainerItemProxy;
			containerPortal = C577D3DA1AA58F9900B0C7F9 /* Project object */;
			proxyType = 1;
			remoteGlobalIDString = C5B85AE31AA5E9F5009960DC;
			remoteInfo = "ApWatchGPS-SKMaps WatchKit App";
		};
		C5B85AF01AA5E9F5009960DC /* PBXContainerItemProxy */ = {
			isa = PBXContainerItemProxy;
			containerPortal = C577D3DA1AA58F9900B0C7F9 /* Project object */;
			proxyType = 1;
			remoteGlobalIDString = C5B85AD61AA5E9F5009960DC;
			remoteInfo = "ApWatchGPS-SKMaps WatchKit Extension";
		};
/* End PBXContainerItemProxy section */

/* Begin PBXCopyFilesBuildPhase section */
		C5271F951AA76FF300A7695E /* Embed Frameworks */ = {
			isa = PBXCopyFilesBuildPhase;
			buildActionMask = 2147483647;
			dstPath = "";
			dstSubfolderSpec = 10;
			files = (
				C5271F941AA76FF300A7695E /* SKMaps.framework in Embed Frameworks */,
			);
			name = "Embed Frameworks";
			runOnlyForDeploymentPostprocessing = 0;
		};
		C5B85ACF1AA5A722009960DC /* Embed Frameworks */ = {
			isa = PBXCopyFilesBuildPhase;
			buildActionMask = 2147483647;
			dstPath = "";
			dstSubfolderSpec = 10;
			files = (
				C5271F921AA76EB600A7695E /* SKMaps.framework in Embed Frameworks */,
			);
			name = "Embed Frameworks";
			runOnlyForDeploymentPostprocessing = 0;
		};
		C5B85AF91AA5E9F5009960DC /* Embed App Extensions */ = {
			isa = PBXCopyFilesBuildPhase;
			buildActionMask = 2147483647;
			dstPath = "";
			dstSubfolderSpec = 13;
			files = (
				C5B85AF21AA5E9F5009960DC /* ApWatchGPS-SKMaps WatchKit Extension.appex in Embed App Extensions */,
			);
			name = "Embed App Extensions";
			runOnlyForDeploymentPostprocessing = 0;
		};
/* End PBXCopyFilesBuildPhase section */

/* Begin PBXFileReference section */
		C51BD11A1AA8491600E522C0 /* ApWatchGPS-SKMaps WatchKit Extension.entitlements */ = {isa = PBXFileReference; lastKnownFileType = text.xml; path = "ApWatchGPS-SKMaps WatchKit Extension.entitlements"; sourceTree = "<group>"; };
		C5271F8E1AA76E9B00A7695E /* SKMaps.framework */ = {isa = PBXFileReference; lastKnownFileType = wrapper.framework; name = SKMaps.framework; path = "ApWatchGPS-SKMaps/SKMaps.framework"; sourceTree = "<group>"; };
		C5271F961AA770BD00A7695E /* SKMaps.bundle */ = {isa = PBXFileReference; lastKnownFileType = "wrapper.plug-in"; path = SKMaps.bundle; sourceTree = "<group>"; };
		C577D3E21AA58F9900B0C7F9 /* ApWatchGPS-SKMaps.app */ = {isa = PBXFileReference; explicitFileType = wrapper.application; includeInIndex = 0; path = "ApWatchGPS-SKMaps.app"; sourceTree = BUILT_PRODUCTS_DIR; };
		C577D3E61AA58F9900B0C7F9 /* Info.plist */ = {isa = PBXFileReference; lastKnownFileType = text.plist.xml; path = Info.plist; sourceTree = "<group>"; };
		C577D3E71AA58F9900B0C7F9 /* AppDelegate.swift */ = {isa = PBXFileReference; lastKnownFileType = sourcecode.swift; path = AppDelegate.swift; sourceTree = "<group>"; };
		C577D3E91AA58F9900B0C7F9 /* ViewController.swift */ = {isa = PBXFileReference; lastKnownFileType = sourcecode.swift; path = ViewController.swift; sourceTree = "<group>"; };
		C577D3EC1AA58F9900B0C7F9 /* Base */ = {isa = PBXFileReference; lastKnownFileType = file.storyboard; name = Base; path = Base.lproj/Main.storyboard; sourceTree = "<group>"; };
		C577D3EE1AA58F9900B0C7F9 /* Images.xcassets */ = {isa = PBXFileReference; lastKnownFileType = folder.assetcatalog; path = Images.xcassets; sourceTree = "<group>"; };
		C577D3F11AA58F9900B0C7F9 /* Base */ = {isa = PBXFileReference; lastKnownFileType = file.xib; name = Base; path = Base.lproj/LaunchScreen.xib; sourceTree = "<group>"; };
		C577D3F71AA58F9900B0C7F9 /* ApWatchGPS-SKMapsTests.xctest */ = {isa = PBXFileReference; explicitFileType = wrapper.cfbundle; includeInIndex = 0; path = "ApWatchGPS-SKMapsTests.xctest"; sourceTree = BUILT_PRODUCTS_DIR; };
		C577D3FC1AA58F9900B0C7F9 /* Info.plist */ = {isa = PBXFileReference; lastKnownFileType = text.plist.xml; path = Info.plist; sourceTree = "<group>"; };
		C577D3FD1AA58F9900B0C7F9 /* ApWatchGPS_SKMapsTests.swift */ = {isa = PBXFileReference; lastKnownFileType = sourcecode.swift; path = ApWatchGPS_SKMapsTests.swift; sourceTree = "<group>"; };
		C577D40E1AA5913500B0C7F9 /* UIKit.framework */ = {isa = PBXFileReference; lastKnownFileType = wrapper.framework; name = UIKit.framework; path = System/Library/Frameworks/UIKit.framework; sourceTree = SDKROOT; };
		C577D4101AA5914300B0C7F9 /* Foundation.framework */ = {isa = PBXFileReference; lastKnownFileType = wrapper.framework; name = Foundation.framework; path = System/Library/Frameworks/Foundation.framework; sourceTree = SDKROOT; };
		C577D4121AA5915200B0C7F9 /* CoreLocation.framework */ = {isa = PBXFileReference; lastKnownFileType = wrapper.framework; name = CoreLocation.framework; path = System/Library/Frameworks/CoreLocation.framework; sourceTree = SDKROOT; };
		C577D4141AA5915F00B0C7F9 /* OpenGLES.framework */ = {isa = PBXFileReference; lastKnownFileType = wrapper.framework; name = OpenGLES.framework; path = System/Library/Frameworks/OpenGLES.framework; sourceTree = SDKROOT; };
		C577D4161AA5916900B0C7F9 /* QuartzCore.framework */ = {isa = PBXFileReference; lastKnownFileType = wrapper.framework; name = QuartzCore.framework; path = System/Library/Frameworks/QuartzCore.framework; sourceTree = SDKROOT; };
		C577D4181AA5917500B0C7F9 /* CoreGraphics.framework */ = {isa = PBXFileReference; lastKnownFileType = wrapper.framework; name = CoreGraphics.framework; path = System/Library/Frameworks/CoreGraphics.framework; sourceTree = SDKROOT; };
		C577D41F1AA5939200B0C7F9 /* libstdc++.dylib */ = {isa = PBXFileReference; lastKnownFileType = "compiled.mach-o.dylib"; name = "libstdc++.dylib"; path = "usr/lib/libstdc++.dylib"; sourceTree = SDKROOT; };
		C577D4211AA593A700B0C7F9 /* libc++.dylib */ = {isa = PBXFileReference; lastKnownFileType = "compiled.mach-o.dylib"; name = "libc++.dylib"; path = "usr/lib/libc++.dylib"; sourceTree = SDKROOT; };
		C577D4231AA593ED00B0C7F9 /* ApWatchGPS-SKMaps-Bridging-Header.h */ = {isa = PBXFileReference; lastKnownFileType = sourcecode.c.h; path = "ApWatchGPS-SKMaps-Bridging-Header.h"; sourceTree = "<group>"; };
		C5B85AD71AA5E9F5009960DC /* ApWatchGPS-SKMaps WatchKit Extension.appex */ = {isa = PBXFileReference; explicitFileType = "wrapper.app-extension"; includeInIndex = 0; path = "ApWatchGPS-SKMaps WatchKit Extension.appex"; sourceTree = BUILT_PRODUCTS_DIR; };
		C5B85ADA1AA5E9F5009960DC /* Info.plist */ = {isa = PBXFileReference; lastKnownFileType = text.plist.xml; path = Info.plist; sourceTree = "<group>"; };
		C5B85ADB1AA5E9F5009960DC /* PushNotificationPayload.apns */ = {isa = PBXFileReference; lastKnownFileType = text; path = PushNotificationPayload.apns; sourceTree = "<group>"; };
		C5B85ADC1AA5E9F5009960DC /* InterfaceController.swift */ = {isa = PBXFileReference; lastKnownFileType = sourcecode.swift; path = InterfaceController.swift; sourceTree = "<group>"; };
		C5B85ADE1AA5E9F5009960DC /* NotificationController.swift */ = {isa = PBXFileReference; lastKnownFileType = sourcecode.swift; path = NotificationController.swift; sourceTree = "<group>"; };
		C5B85AE01AA5E9F5009960DC /* Images.xcassets */ = {isa = PBXFileReference; lastKnownFileType = folder.assetcatalog; path = Images.xcassets; sourceTree = "<group>"; };
		C5B85AE41AA5E9F5009960DC /* ApWatchGPS-SKMaps WatchKit App.app */ = {isa = PBXFileReference; explicitFileType = wrapper.application; includeInIndex = 0; path = "ApWatchGPS-SKMaps WatchKit App.app"; sourceTree = BUILT_PRODUCTS_DIR; };
		C5B85AEA1AA5E9F5009960DC /* Info.plist */ = {isa = PBXFileReference; lastKnownFileType = text.plist.xml; path = Info.plist; sourceTree = "<group>"; };
		C5B85AEC1AA5E9F5009960DC /* Base */ = {isa = PBXFileReference; lastKnownFileType = file.storyboard; name = Base; path = Base.lproj/Interface.storyboard; sourceTree = "<group>"; };
		C5B85AEE1AA5E9F5009960DC /* Images.xcassets */ = {isa = PBXFileReference; lastKnownFileType = folder.assetcatalog; path = Images.xcassets; sourceTree = "<group>"; };
		C5B85AFA1AA5EAEA009960DC /* ApWatchGPS-SKMaps.entitlements */ = {isa = PBXFileReference; lastKnownFileType = text.xml; path = "ApWatchGPS-SKMaps.entitlements"; sourceTree = "<group>"; };
		C5B85AFB1AA6D96E009960DC /* ApWatchGPS-SKMaps WatchKit Extension-Bridging-Header.h */ = {isa = PBXFileReference; lastKnownFileType = sourcecode.c.h; path = "ApWatchGPS-SKMaps WatchKit Extension-Bridging-Header.h"; sourceTree = "<group>"; };
		C5B85B021AA6E26A009960DC /* MMWormhole.h */ = {isa = PBXFileReference; fileEncoding = 4; lastKnownFileType = sourcecode.c.h; path = MMWormhole.h; sourceTree = "<group>"; };
		C5B85B031AA6E26A009960DC /* MMWormhole.m */ = {isa = PBXFileReference; fileEncoding = 4; lastKnownFileType = sourcecode.c.objc; path = MMWormhole.m; sourceTree = "<group>"; };
/* End PBXFileReference section */

/* Begin PBXFrameworksBuildPhase section */
		C577D3DF1AA58F9900B0C7F9 /* Frameworks */ = {
			isa = PBXFrameworksBuildPhase;
			buildActionMask = 2147483647;
			files = (
				C577D4221AA593A700B0C7F9 /* libc++.dylib in Frameworks */,
				C577D4201AA5939200B0C7F9 /* libstdc++.dylib in Frameworks */,
				C577D4191AA5917500B0C7F9 /* CoreGraphics.framework in Frameworks */,
				C577D4171AA5916900B0C7F9 /* QuartzCore.framework in Frameworks */,
				C577D4151AA5915F00B0C7F9 /* OpenGLES.framework in Frameworks */,
				C577D4131AA5915300B0C7F9 /* CoreLocation.framework in Frameworks */,
				C5271F8F1AA76E9B00A7695E /* SKMaps.framework in Frameworks */,
				C577D4111AA5914300B0C7F9 /* Foundation.framework in Frameworks */,
				C577D40F1AA5913500B0C7F9 /* UIKit.framework in Frameworks */,
			);
			runOnlyForDeploymentPostprocessing = 0;
		};
		C577D3F41AA58F9900B0C7F9 /* Frameworks */ = {
			isa = PBXFrameworksBuildPhase;
			buildActionMask = 2147483647;
			files = (
			);
			runOnlyForDeploymentPostprocessing = 0;
		};
		C5B85AD41AA5E9F5009960DC /* Frameworks */ = {
			isa = PBXFrameworksBuildPhase;
			buildActionMask = 2147483647;
			files = (
				C5271F901AA76E9B00A7695E /* SKMaps.framework in Frameworks */,
			);
			runOnlyForDeploymentPostprocessing = 0;
		};
/* End PBXFrameworksBuildPhase section */

/* Begin PBXGroup section */
		C577D3D91AA58F9900B0C7F9 = {
			isa = PBXGroup;
			children = (
				C577D3E41AA58F9900B0C7F9 /* ApWatchGPS-SKMaps */,
				C5B85AD81AA5E9F5009960DC /* ApWatchGPS-SKMaps WatchKit Extension */,
				C5B85AE81AA5E9F5009960DC /* ApWatchGPS-SKMaps WatchKit App */,
				C577D41E1AA5920A00B0C7F9 /* Frameworks */,
				C577D3FA1AA58F9900B0C7F9 /* ApWatchGPS-SKMapsTests */,
				C577D3E31AA58F9900B0C7F9 /* Products */,
				C577D4271AA5940D00B0C7F9 /* WormHole */,
				C577D4231AA593ED00B0C7F9 /* ApWatchGPS-SKMaps-Bridging-Header.h */,
			);
			sourceTree = "<group>";
		};
		C577D3E31AA58F9900B0C7F9 /* Products */ = {
			isa = PBXGroup;
			children = (
				C577D3E21AA58F9900B0C7F9 /* ApWatchGPS-SKMaps.app */,
				C577D3F71AA58F9900B0C7F9 /* ApWatchGPS-SKMapsTests.xctest */,
				C5B85AD71AA5E9F5009960DC /* ApWatchGPS-SKMaps WatchKit Extension.appex */,
				C5B85AE41AA5E9F5009960DC /* ApWatchGPS-SKMaps WatchKit App.app */,
			);
			name = Products;
			sourceTree = "<group>";
		};
		C577D3E41AA58F9900B0C7F9 /* ApWatchGPS-SKMaps */ = {
			isa = PBXGroup;
			children = (
				C5B85AFA1AA5EAEA009960DC /* ApWatchGPS-SKMaps.entitlements */,
				C577D3E71AA58F9900B0C7F9 /* AppDelegate.swift */,
				C577D3E91AA58F9900B0C7F9 /* ViewController.swift */,
				C577D3EB1AA58F9900B0C7F9 /* Main.storyboard */,
				C577D3EE1AA58F9900B0C7F9 /* Images.xcassets */,
				C577D3F01AA58F9900B0C7F9 /* LaunchScreen.xib */,
				C577D3E51AA58F9900B0C7F9 /* Supporting Files */,
			);
			path = "ApWatchGPS-SKMaps";
			sourceTree = "<group>";
		};
		C577D3E51AA58F9900B0C7F9 /* Supporting Files */ = {
			isa = PBXGroup;
			children = (
				C577D3E61AA58F9900B0C7F9 /* Info.plist */,
			);
			name = "Supporting Files";
			sourceTree = "<group>";
		};
		C577D3FA1AA58F9900B0C7F9 /* ApWatchGPS-SKMapsTests */ = {
			isa = PBXGroup;
			children = (
				C577D3FD1AA58F9900B0C7F9 /* ApWatchGPS_SKMapsTests.swift */,
				C577D3FB1AA58F9900B0C7F9 /* Supporting Files */,
			);
			path = "ApWatchGPS-SKMapsTests";
			sourceTree = "<group>";
		};
		C577D3FB1AA58F9900B0C7F9 /* Supporting Files */ = {
			isa = PBXGroup;
			children = (
				C577D3FC1AA58F9900B0C7F9 /* Info.plist */,
			);
			name = "Supporting Files";
			sourceTree = "<group>";
		};
		C577D41E1AA5920A00B0C7F9 /* Frameworks */ = {
			isa = PBXGroup;
			children = (
				C5271F8E1AA76E9B00A7695E /* SKMaps.framework */,
				C577D4211AA593A700B0C7F9 /* libc++.dylib */,
				C577D41F1AA5939200B0C7F9 /* libstdc++.dylib */,
				C577D4181AA5917500B0C7F9 /* CoreGraphics.framework */,
				C577D4161AA5916900B0C7F9 /* QuartzCore.framework */,
				C577D4141AA5915F00B0C7F9 /* OpenGLES.framework */,
				C577D4121AA5915200B0C7F9 /* CoreLocation.framework */,
				C577D4101AA5914300B0C7F9 /* Foundation.framework */,
				C577D40E1AA5913500B0C7F9 /* UIKit.framework */,
			);
			name = Frameworks;
			sourceTree = "<group>";
		};
		C577D4271AA5940D00B0C7F9 /* WormHole */ = {
			isa = PBXGroup;
			children = (
				C5B85B021AA6E26A009960DC /* MMWormhole.h */,
				C5B85B031AA6E26A009960DC /* MMWormhole.m */,
			);
			name = WormHole;
			sourceTree = "<group>";
		};
		C5B85AD81AA5E9F5009960DC /* ApWatchGPS-SKMaps WatchKit Extension */ = {
			isa = PBXGroup;
			children = (
				C51BD11A1AA8491600E522C0 /* ApWatchGPS-SKMaps WatchKit Extension.entitlements */,
				C5B85ADC1AA5E9F5009960DC /* InterfaceController.swift */,
				C5B85ADE1AA5E9F5009960DC /* NotificationController.swift */,
				C5B85AE01AA5E9F5009960DC /* Images.xcassets */,
				C5B85AD91AA5E9F5009960DC /* Supporting Files */,
				C5B85AFB1AA6D96E009960DC /* ApWatchGPS-SKMaps WatchKit Extension-Bridging-Header.h */,
			);
			path = "ApWatchGPS-SKMaps WatchKit Extension";
			sourceTree = "<group>";
		};
		C5B85AD91AA5E9F5009960DC /* Supporting Files */ = {
			isa = PBXGroup;
			children = (
				C5271F961AA770BD00A7695E /* SKMaps.bundle */,
				C5B85ADA1AA5E9F5009960DC /* Info.plist */,
				C5B85ADB1AA5E9F5009960DC /* PushNotificationPayload.apns */,
			);
			name = "Supporting Files";
			sourceTree = "<group>";
		};
		C5B85AE81AA5E9F5009960DC /* ApWatchGPS-SKMaps WatchKit App */ = {
			isa = PBXGroup;
			children = (
				C5B85AEB1AA5E9F5009960DC /* Interface.storyboard */,
				C5B85AEE1AA5E9F5009960DC /* Images.xcassets */,
				C5B85AE91AA5E9F5009960DC /* Supporting Files */,
			);
			path = "ApWatchGPS-SKMaps WatchKit App";
			sourceTree = "<group>";
		};
		C5B85AE91AA5E9F5009960DC /* Supporting Files */ = {
			isa = PBXGroup;
			children = (
				C5B85AEA1AA5E9F5009960DC /* Info.plist */,
			);
			name = "Supporting Files";
			sourceTree = "<group>";
		};
/* End PBXGroup section */

/* Begin PBXNativeTarget section */
		C577D3E11AA58F9900B0C7F9 /* ApWatchGPS-SKMaps */ = {
			isa = PBXNativeTarget;
			buildConfigurationList = C577D4011AA58F9900B0C7F9 /* Build configuration list for PBXNativeTarget "ApWatchGPS-SKMaps" */;
			buildPhases = (
				C577D3DE1AA58F9900B0C7F9 /* Sources */,
				C577D3DF1AA58F9900B0C7F9 /* Frameworks */,
				C577D3E01AA58F9900B0C7F9 /* Resources */,
				C5B85ACF1AA5A722009960DC /* Embed Frameworks */,
				C5B85AF91AA5E9F5009960DC /* Embed App Extensions */,
			);
			buildRules = (
			);
			dependencies = (
				C5B85AF11AA5E9F5009960DC /* PBXTargetDependency */,
			);
			name = "ApWatchGPS-SKMaps";
			productName = "ApWatchGPS-SKMaps";
			productReference = C577D3E21AA58F9900B0C7F9 /* ApWatchGPS-SKMaps.app */;
			productType = "com.apple.product-type.application";
		};
		C577D3F61AA58F9900B0C7F9 /* ApWatchGPS-SKMapsTests */ = {
			isa = PBXNativeTarget;
			buildConfigurationList = C577D4041AA58F9900B0C7F9 /* Build configuration list for PBXNativeTarget "ApWatchGPS-SKMapsTests" */;
			buildPhases = (
				C577D3F31AA58F9900B0C7F9 /* Sources */,
				C577D3F41AA58F9900B0C7F9 /* Frameworks */,
				C577D3F51AA58F9900B0C7F9 /* Resources */,
			);
			buildRules = (
			);
			dependencies = (
				C577D3F91AA58F9900B0C7F9 /* PBXTargetDependency */,
			);
			name = "ApWatchGPS-SKMapsTests";
			productName = "ApWatchGPS-SKMapsTests";
			productReference = C577D3F71AA58F9900B0C7F9 /* ApWatchGPS-SKMapsTests.xctest */;
			productType = "com.apple.product-type.bundle.unit-test";
		};
		C5B85AD61AA5E9F5009960DC /* ApWatchGPS-SKMaps WatchKit Extension */ = {
			isa = PBXNativeTarget;
			buildConfigurationList = C5B85AF81AA5E9F5009960DC /* Build configuration list for PBXNativeTarget "ApWatchGPS-SKMaps WatchKit Extension" */;
			buildPhases = (
				C5B85AD31AA5E9F5009960DC /* Sources */,
				C5B85AD41AA5E9F5009960DC /* Frameworks */,
				C5B85AD51AA5E9F5009960DC /* Resources */,
				C5271F951AA76FF300A7695E /* Embed Frameworks */,
			);
			buildRules = (
			);
			dependencies = (
				C5B85AE71AA5E9F5009960DC /* PBXTargetDependency */,
			);
			name = "ApWatchGPS-SKMaps WatchKit Extension";
			productName = "ApWatchGPS-SKMaps WatchKit Extension";
			productReference = C5B85AD71AA5E9F5009960DC /* ApWatchGPS-SKMaps WatchKit Extension.appex */;
			productType = "com.apple.product-type.watchkit-extension";
		};
		C5B85AE31AA5E9F5009960DC /* ApWatchGPS-SKMaps WatchKit App */ = {
			isa = PBXNativeTarget;
			buildConfigurationList = C5B85AF71AA5E9F5009960DC /* Build configuration list for PBXNativeTarget "ApWatchGPS-SKMaps WatchKit App" */;
			buildPhases = (
				C5B85AE21AA5E9F5009960DC /* Resources */,
			);
			buildRules = (
			);
			dependencies = (
			);
			name = "ApWatchGPS-SKMaps WatchKit App";
			productName = "ApWatchGPS-SKMaps WatchKit App";
			productReference = C5B85AE41AA5E9F5009960DC /* ApWatchGPS-SKMaps WatchKit App.app */;
			productType = "com.apple.product-type.application.watchapp";
		};
/* End PBXNativeTarget section */

/* Begin PBXProject section */
		C577D3DA1AA58F9900B0C7F9 /* Project object */ = {
			isa = PBXProject;
			attributes = {
				LastUpgradeCheck = 0630;
				ORGANIZATIONNAME = Baltoro;
				TargetAttributes = {
					C577D3E11AA58F9900B0C7F9 = {
						CreatedOnToolsVersion = 6.3;
						DevelopmentTeam = X4M58U72S4;
						SystemCapabilities = {
							com.apple.ApplicationGroups.iOS = {
								enabled = 1;
							};
						};
					};
					C577D3F61AA58F9900B0C7F9 = {
						CreatedOnToolsVersion = 6.3;
						TestTargetID = C577D3E11AA58F9900B0C7F9;
					};
					C5B85AD61AA5E9F5009960DC = {
						CreatedOnToolsVersion = 6.3;
						DevelopmentTeam = X4M58U72S4;
						SystemCapabilities = {
							com.apple.ApplicationGroups.iOS = {
								enabled = 1;
							};
						};
					};
					C5B85AE31AA5E9F5009960DC = {
						CreatedOnToolsVersion = 6.3;
						DevelopmentTeam = X4M58U72S4;
					};
				};
			};
			buildConfigurationList = C577D3DD1AA58F9900B0C7F9 /* Build configuration list for PBXProject "ApWatchGPS-SKMaps" */;
			compatibilityVersion = "Xcode 3.2";
			developmentRegion = English;
			hasScannedForEncodings = 0;
			knownRegions = (
				en,
				Base,
			);
			mainGroup = C577D3D91AA58F9900B0C7F9;
			productRefGroup = C577D3E31AA58F9900B0C7F9 /* Products */;
			projectDirPath = "";
			projectRoot = "";
			targets = (
				C577D3E11AA58F9900B0C7F9 /* ApWatchGPS-SKMaps */,
				C577D3F61AA58F9900B0C7F9 /* ApWatchGPS-SKMapsTests */,
				C5B85AD61AA5E9F5009960DC /* ApWatchGPS-SKMaps WatchKit Extension */,
				C5B85AE31AA5E9F5009960DC /* ApWatchGPS-SKMaps WatchKit App */,
			);
		};
/* End PBXProject section */

/* Begin PBXResourcesBuildPhase section */
		C577D3E01AA58F9900B0C7F9 /* Resources */ = {
			isa = PBXResourcesBuildPhase;
			buildActionMask = 2147483647;
			files = (
				C5271F971AA770BD00A7695E /* SKMaps.bundle in Resources */,
				C577D3ED1AA58F9900B0C7F9 /* Main.storyboard in Resources */,
				C577D3F21AA58F9900B0C7F9 /* LaunchScreen.xib in Resources */,
				C577D3EF1AA58F9900B0C7F9 /* Images.xcassets in Resources */,
			);
			runOnlyForDeploymentPostprocessing = 0;
		};
		C577D3F51AA58F9900B0C7F9 /* Resources */ = {
			isa = PBXResourcesBuildPhase;
			buildActionMask = 2147483647;
			files = (
			);
			runOnlyForDeploymentPostprocessing = 0;
		};
		C5B85AD51AA5E9F5009960DC /* Resources */ = {
			isa = PBXResourcesBuildPhase;
			buildActionMask = 2147483647;
			files = (
				C5B85AE11AA5E9F5009960DC /* Images.xcassets in Resources */,
				C5271F981AA770BD00A7695E /* SKMaps.bundle in Resources */,
				C5B85AE51AA5E9F5009960DC /* ApWatchGPS-SKMaps WatchKit App.app in Resources */,
			);
			runOnlyForDeploymentPostprocessing = 0;
		};
		C5B85AE21AA5E9F5009960DC /* Resources */ = {
			isa = PBXResourcesBuildPhase;
			buildActionMask = 2147483647;
			files = (
				C5B85AED1AA5E9F5009960DC /* Interface.storyboard in Resources */,
				C5B85AEF1AA5E9F5009960DC /* Images.xcassets in Resources */,
			);
			runOnlyForDeploymentPostprocessing = 0;
		};
/* End PBXResourcesBuildPhase section */

/* Begin PBXSourcesBuildPhase section */
		C577D3DE1AA58F9900B0C7F9 /* Sources */ = {
			isa = PBXSourcesBuildPhase;
			buildActionMask = 2147483647;
			files = (
				C577D3EA1AA58F9900B0C7F9 /* ViewController.swift in Sources */,
				C577D3E81AA58F9900B0C7F9 /* AppDelegate.swift in Sources */,
				C5B85B041AA6E26A009960DC /* MMWormhole.m in Sources */,
			);
			runOnlyForDeploymentPostprocessing = 0;
		};
		C577D3F31AA58F9900B0C7F9 /* Sources */ = {
			isa = PBXSourcesBuildPhase;
			buildActionMask = 2147483647;
			files = (
				C577D3FE1AA58F9900B0C7F9 /* ApWatchGPS_SKMapsTests.swift in Sources */,
			);
			runOnlyForDeploymentPostprocessing = 0;
		};
		C5B85AD31AA5E9F5009960DC /* Sources */ = {
			isa = PBXSourcesBuildPhase;
			buildActionMask = 2147483647;
			files = (
				C5B85ADF1AA5E9F5009960DC /* NotificationController.swift in Sources */,
				C5B85ADD1AA5E9F5009960DC /* InterfaceController.swift in Sources */,
				C5B85B051AA6E26A009960DC /* MMWormhole.m in Sources */,
			);
			runOnlyForDeploymentPostprocessing = 0;
		};
/* End PBXSourcesBuildPhase section */

/* Begin PBXTargetDependency section */
		C577D3F91AA58F9900B0C7F9 /* PBXTargetDependency */ = {
			isa = PBXTargetDependency;
			target = C577D3E11AA58F9900B0C7F9 /* ApWatchGPS-SKMaps */;
			targetProxy = C577D3F81AA58F9900B0C7F9 /* PBXContainerItemProxy */;
		};
		C5B85AE71AA5E9F5009960DC /* PBXTargetDependency */ = {
			isa = PBXTargetDependency;
			target = C5B85AE31AA5E9F5009960DC /* ApWatchGPS-SKMaps WatchKit App */;
			targetProxy = C5B85AE61AA5E9F5009960DC /* PBXContainerItemProxy */;
		};
		C5B85AF11AA5E9F5009960DC /* PBXTargetDependency */ = {
			isa = PBXTargetDependency;
			target = C5B85AD61AA5E9F5009960DC /* ApWatchGPS-SKMaps WatchKit Extension */;
			targetProxy = C5B85AF01AA5E9F5009960DC /* PBXContainerItemProxy */;
		};
/* End PBXTargetDependency section */

/* Begin PBXVariantGroup section */
		C577D3EB1AA58F9900B0C7F9 /* Main.storyboard */ = {
			isa = PBXVariantGroup;
			children = (
				C577D3EC1AA58F9900B0C7F9 /* Base */,
			);
			name = Main.storyboard;
			sourceTree = "<group>";
		};
		C577D3F01AA58F9900B0C7F9 /* LaunchScreen.xib */ = {
			isa = PBXVariantGroup;
			children = (
				C577D3F11AA58F9900B0C7F9 /* Base */,
			);
			name = LaunchScreen.xib;
			sourceTree = "<group>";
		};
		C5B85AEB1AA5E9F5009960DC /* Interface.storyboard */ = {
			isa = PBXVariantGroup;
			children = (
				C5B85AEC1AA5E9F5009960DC /* Base */,
			);
			name = Interface.storyboard;
			sourceTree = "<group>";
		};
/* End PBXVariantGroup section */

/* Begin XCBuildConfiguration section */
		C577D3FF1AA58F9900B0C7F9 /* Debug */ = {
			isa = XCBuildConfiguration;
			buildSettings = {
				ALWAYS_SEARCH_USER_PATHS = NO;
				CLANG_CXX_LANGUAGE_STANDARD = "gnu++0x";
				CLANG_CXX_LIBRARY = "libc++";
				CLANG_ENABLE_MODULES = YES;
				CLANG_ENABLE_OBJC_ARC = YES;
				CLANG_WARN_BOOL_CONVERSION = YES;
				CLANG_WARN_CONSTANT_CONVERSION = YES;
				CLANG_WARN_DIRECT_OBJC_ISA_USAGE = YES_ERROR;
				CLANG_WARN_EMPTY_BODY = YES;
				CLANG_WARN_ENUM_CONVERSION = YES;
				CLANG_WARN_INT_CONVERSION = YES;
				CLANG_WARN_OBJC_ROOT_CLASS = YES_ERROR;
				CLANG_WARN_UNREACHABLE_CODE = YES;
				CLANG_WARN__DUPLICATE_METHOD_MATCH = YES;
				"CODE_SIGN_IDENTITY[sdk=iphoneos*]" = "iPhone Developer";
				COPY_PHASE_STRIP = NO;
				DEBUG_INFORMATION_FORMAT = dwarf;
				ENABLE_STRICT_OBJC_MSGSEND = YES;
				GCC_C_LANGUAGE_STANDARD = gnu99;
				GCC_DYNAMIC_NO_PIC = NO;
				GCC_NO_COMMON_BLOCKS = YES;
				GCC_OPTIMIZATION_LEVEL = 0;
				GCC_PREPROCESSOR_DEFINITIONS = (
					"DEBUG=1",
					"$(inherited)",
				);
				GCC_SYMBOLS_PRIVATE_EXTERN = NO;
				GCC_WARN_64_TO_32_BIT_CONVERSION = YES;
				GCC_WARN_ABOUT_RETURN_TYPE = YES_ERROR;
				GCC_WARN_UNDECLARED_SELECTOR = YES;
				GCC_WARN_UNINITIALIZED_AUTOS = YES_AGGRESSIVE;
				GCC_WARN_UNUSED_FUNCTION = YES;
				GCC_WARN_UNUSED_VARIABLE = YES;
				IPHONEOS_DEPLOYMENT_TARGET = 8.3;
				MTL_ENABLE_DEBUG_INFO = YES;
				ONLY_ACTIVE_ARCH = YES;
				SDKROOT = iphoneos;
				SWIFT_OPTIMIZATION_LEVEL = "-Onone";
			};
			name = Debug;
		};
		C577D4001AA58F9900B0C7F9 /* Release */ = {
			isa = XCBuildConfiguration;
			buildSettings = {
				ALWAYS_SEARCH_USER_PATHS = NO;
				CLANG_CXX_LANGUAGE_STANDARD = "gnu++0x";
				CLANG_CXX_LIBRARY = "libc++";
				CLANG_ENABLE_MODULES = YES;
				CLANG_ENABLE_OBJC_ARC = YES;
				CLANG_WARN_BOOL_CONVERSION = YES;
				CLANG_WARN_CONSTANT_CONVERSION = YES;
				CLANG_WARN_DIRECT_OBJC_ISA_USAGE = YES_ERROR;
				CLANG_WARN_EMPTY_BODY = YES;
				CLANG_WARN_ENUM_CONVERSION = YES;
				CLANG_WARN_INT_CONVERSION = YES;
				CLANG_WARN_OBJC_ROOT_CLASS = YES_ERROR;
				CLANG_WARN_UNREACHABLE_CODE = YES;
				CLANG_WARN__DUPLICATE_METHOD_MATCH = YES;
				"CODE_SIGN_IDENTITY[sdk=iphoneos*]" = "iPhone Developer";
				COPY_PHASE_STRIP = NO;
				DEBUG_INFORMATION_FORMAT = "dwarf-with-dsym";
				ENABLE_NS_ASSERTIONS = NO;
				ENABLE_STRICT_OBJC_MSGSEND = YES;
				GCC_C_LANGUAGE_STANDARD = gnu99;
				GCC_NO_COMMON_BLOCKS = YES;
				GCC_WARN_64_TO_32_BIT_CONVERSION = YES;
				GCC_WARN_ABOUT_RETURN_TYPE = YES_ERROR;
				GCC_WARN_UNDECLARED_SELECTOR = YES;
				GCC_WARN_UNINITIALIZED_AUTOS = YES_AGGRESSIVE;
				GCC_WARN_UNUSED_FUNCTION = YES;
				GCC_WARN_UNUSED_VARIABLE = YES;
				IPHONEOS_DEPLOYMENT_TARGET = 8.3;
				MTL_ENABLE_DEBUG_INFO = NO;
				SDKROOT = iphoneos;
				VALIDATE_PRODUCT = YES;
			};
			name = Release;
		};
		C577D4021AA58F9900B0C7F9 /* Debug */ = {
			isa = XCBuildConfiguration;
			buildSettings = {
				ASSETCATALOG_COMPILER_APPICON_NAME = AppIcon;
				CLANG_ENABLE_MODULES = YES;
				CODE_SIGN_ENTITLEMENTS = "ApWatchGPS-SKMaps/ApWatchGPS-SKMaps.entitlements";
				CODE_SIGN_IDENTITY = "iPhone Developer";
				"CODE_SIGN_IDENTITY[sdk=iphoneos*]" = "iPhone Developer";
				EMBEDDED_CONTENT_CONTAINS_SWIFT = YES;
				FRAMEWORK_SEARCH_PATHS = (
					"$(inherited)",
					"$(PROJECT_DIR)",
					/Users/jsiska2/Downloads/SKMaps_iOS_2.4.0_withDemo_Swift/SKMapsSwiftDemo,
					"$(PROJECT_DIR)/ApWatchGPS-SKMaps",
				);
				INFOPLIST_FILE = "ApWatchGPS-SKMaps/Info.plist";
				LD_RUNPATH_SEARCH_PATHS = "$(inherited) @executable_path/Frameworks";
				OTHER_LDFLAGS = "-ObjC";
				PRODUCT_NAME = "$(TARGET_NAME)";
				PROVISIONING_PROFILE = "";
				SWIFT_OBJC_BRIDGING_HEADER = "ApWatchGPS-SKMaps-Bridging-Header.h";
				SWIFT_OPTIMIZATION_LEVEL = "-Onone";
			};
			name = Debug;
		};
		C577D4031AA58F9900B0C7F9 /* Release */ = {
			isa = XCBuildConfiguration;
			buildSettings = {
				ASSETCATALOG_COMPILER_APPICON_NAME = AppIcon;
				CLANG_ENABLE_MODULES = YES;
				CODE_SIGN_ENTITLEMENTS = "ApWatchGPS-SKMaps/ApWatchGPS-SKMaps.entitlements";
				CODE_SIGN_IDENTITY = "iPhone Developer";
				"CODE_SIGN_IDENTITY[sdk=iphoneos*]" = "iPhone Developer";
				EMBEDDED_CONTENT_CONTAINS_SWIFT = YES;
				FRAMEWORK_SEARCH_PATHS = (
					"$(inherited)",
					"$(PROJECT_DIR)",
					/Users/jsiska2/Downloads/SKMaps_iOS_2.4.0_withDemo_Swift/SKMapsSwiftDemo,
					"$(PROJECT_DIR)/ApWatchGPS-SKMaps",
				);
				INFOPLIST_FILE = "ApWatchGPS-SKMaps/Info.plist";
				LD_RUNPATH_SEARCH_PATHS = "$(inherited) @executable_path/Frameworks";
				OTHER_LDFLAGS = "-ObjC";
				PRODUCT_NAME = "$(TARGET_NAME)";
				PROVISIONING_PROFILE = "";
				SWIFT_OBJC_BRIDGING_HEADER = "ApWatchGPS-SKMaps-Bridging-Header.h";
			};
			name = Release;
		};
		C577D4051AA58F9900B0C7F9 /* Debug */ = {
			isa = XCBuildConfiguration;
			buildSettings = {
				BUNDLE_LOADER = "$(TEST_HOST)";
				FRAMEWORK_SEARCH_PATHS = (
					"$(SDKROOT)/Developer/Library/Frameworks",
					"$(inherited)",
					"$(PROJECT_DIR)",
				);
				GCC_PREPROCESSOR_DEFINITIONS = (
					"DEBUG=1",
					"$(inherited)",
				);
				INFOPLIST_FILE = "ApWatchGPS-SKMapsTests/Info.plist";
				LD_RUNPATH_SEARCH_PATHS = "$(inherited) @executable_path/Frameworks @loader_path/Frameworks";
				PRODUCT_NAME = "$(TARGET_NAME)";
				TEST_HOST = "$(BUILT_PRODUCTS_DIR)/ApWatchGPS-SKMaps.app/ApWatchGPS-SKMaps";
			};
			name = Debug;
		};
		C577D4061AA58F9900B0C7F9 /* Release */ = {
			isa = XCBuildConfiguration;
			buildSettings = {
				BUNDLE_LOADER = "$(TEST_HOST)";
				FRAMEWORK_SEARCH_PATHS = (
					"$(SDKROOT)/Developer/Library/Frameworks",
					"$(inherited)",
					"$(PROJECT_DIR)",
				);
				INFOPLIST_FILE = "ApWatchGPS-SKMapsTests/Info.plist";
				LD_RUNPATH_SEARCH_PATHS = "$(inherited) @executable_path/Frameworks @loader_path/Frameworks";
				PRODUCT_NAME = "$(TARGET_NAME)";
				TEST_HOST = "$(BUILT_PRODUCTS_DIR)/ApWatchGPS-SKMaps.app/ApWatchGPS-SKMaps";
			};
			name = Release;
		};
		C5B85AF31AA5E9F5009960DC /* Debug */ = {
			isa = XCBuildConfiguration;
			buildSettings = {
				CLANG_ENABLE_MODULES = YES;
				CODE_SIGN_ENTITLEMENTS = "ApWatchGPS-SKMaps WatchKit Extension/ApWatchGPS-SKMaps WatchKit Extension.entitlements";
				CODE_SIGN_IDENTITY = "iPhone Developer";
				"CODE_SIGN_IDENTITY[sdk=iphoneos*]" = "iPhone Developer";
				FRAMEWORK_SEARCH_PATHS = (
					"$(inherited)",
					"$(PROJECT_DIR)",
					/Users/jsiska2/Downloads/SKMaps_iOS_2.4.0_withDemo_Swift/SKMapsSwiftDemo,
					"$(PROJECT_DIR)/ApWatchGPS-SKMaps",
				);
				GCC_PREPROCESSOR_DEFINITIONS = (
					"DEBUG=1",
					"$(inherited)",
				);
				INFOPLIST_FILE = "ApWatchGPS-SKMaps WatchKit Extension/Info.plist";
				LD_RUNPATH_SEARCH_PATHS = "$(inherited) @executable_path/Frameworks @executable_path/../../Frameworks";
				OTHER_LDFLAGS = "-ObjC";
				PRODUCT_NAME = "${TARGET_NAME}";
				PROVISIONING_PROFILE = "";
				SKIP_INSTALL = YES;
				SWIFT_OBJC_BRIDGING_HEADER = "ApWatchGPS-SKMaps WatchKit Extension/ApWatchGPS-SKMaps WatchKit Extension-Bridging-Header.h";
				SWIFT_OPTIMIZATION_LEVEL = "-Onone";
			};
			name = Debug;
		};
		C5B85AF41AA5E9F5009960DC /* Release */ = {
			isa = XCBuildConfiguration;
			buildSettings = {
				CLANG_ENABLE_MODULES = YES;
				CODE_SIGN_ENTITLEMENTS = "ApWatchGPS-SKMaps WatchKit Extension/ApWatchGPS-SKMaps WatchKit Extension.entitlements";
				CODE_SIGN_IDENTITY = "iPhone Developer";
				"CODE_SIGN_IDENTITY[sdk=iphoneos*]" = "iPhone Developer";
				FRAMEWORK_SEARCH_PATHS = (
					"$(inherited)",
					"$(PROJECT_DIR)",
					/Users/jsiska2/Downloads/SKMaps_iOS_2.4.0_withDemo_Swift/SKMapsSwiftDemo,
					"$(PROJECT_DIR)/ApWatchGPS-SKMaps",
				);
				INFOPLIST_FILE = "ApWatchGPS-SKMaps WatchKit Extension/Info.plist";
				LD_RUNPATH_SEARCH_PATHS = "$(inherited) @executable_path/Frameworks @executable_path/../../Frameworks";
				OTHER_LDFLAGS = "-ObjC";
				PRODUCT_NAME = "${TARGET_NAME}";
				PROVISIONING_PROFILE = "";
				SKIP_INSTALL = YES;
				SWIFT_OBJC_BRIDGING_HEADER = "ApWatchGPS-SKMaps WatchKit Extension/ApWatchGPS-SKMaps WatchKit Extension-Bridging-Header.h";
			};
			name = Release;
		};
		C5B85AF51AA5E9F5009960DC /* Debug */ = {
			isa = XCBuildConfiguration;
			buildSettings = {
				ASSETCATALOG_COMPILER_APPICON_NAME = AppIcon;
				CODE_SIGN_IDENTITY = "iPhone Developer";
				GCC_PREPROCESSOR_DEFINITIONS = (
					"DEBUG=1",
					"$(inherited)",
				);
				IBSC_MODULE = ApWatchGPS_SKMaps_WatchKit_Extension;
				INFOPLIST_FILE = "ApWatchGPS-SKMaps WatchKit App/Info.plist";
				PRODUCT_NAME = "$(TARGET_NAME)";
				SKIP_INSTALL = YES;
				TARGETED_DEVICE_FAMILY = 4;
				"TARGETED_DEVICE_FAMILY[sdk=iphonesimulator*]" = "1,4";
			};
			name = Debug;
		};
		C5B85AF61AA5E9F5009960DC /* Release */ = {
			isa = XCBuildConfiguration;
			buildSettings = {
				ASSETCATALOG_COMPILER_APPICON_NAME = AppIcon;
				CODE_SIGN_IDENTITY = "iPhone Developer";
				IBSC_MODULE = ApWatchGPS_SKMaps_WatchKit_Extension;
				INFOPLIST_FILE = "ApWatchGPS-SKMaps WatchKit App/Info.plist";
				PRODUCT_NAME = "$(TARGET_NAME)";
				SKIP_INSTALL = YES;
				TARGETED_DEVICE_FAMILY = 4;
				"TARGETED_DEVICE_FAMILY[sdk=iphonesimulator*]" = "1,4";
			};
			name = Release;
		};
/* End XCBuildConfiguration section */

/* Begin XCConfigurationList section */
		C577D3DD1AA58F9900B0C7F9 /* Build configuration list for PBXProject "ApWatchGPS-SKMaps" */ = {
			isa = XCConfigurationList;
			buildConfigurations = (
				C577D3FF1AA58F9900B0C7F9 /* Debug */,
				C577D4001AA58F9900B0C7F9 /* Release */,
			);
			defaultConfigurationIsVisible = 0;
			defaultConfigurationName = Release;
		};
		C577D4011AA58F9900B0C7F9 /* Build configuration list for PBXNativeTarget "ApWatchGPS-SKMaps" */ = {
			isa = XCConfigurationList;
			buildConfigurations = (
				C577D4021AA58F9900B0C7F9 /* Debug */,
				C577D4031AA58F9900B0C7F9 /* Release */,
			);
			defaultConfigurationIsVisible = 0;
			defaultConfigurationName = Release;
		};
		C577D4041AA58F9900B0C7F9 /* Build configuration list for PBXNativeTarget "ApWatchGPS-SKMapsTests" */ = {
			isa = XCConfigurationList;
			buildConfigurations = (
				C577D4051AA58F9900B0C7F9 /* Debug */,
				C577D4061AA58F9900B0C7F9 /* Release */,
			);
			defaultConfigurationIsVisible = 0;
			defaultConfigurationName = Release;
		};
		C5B85AF71AA5E9F5009960DC /* Build configuration list for PBXNativeTarget "ApWatchGPS-SKMaps WatchKit App" */ = {
			isa = XCConfigurationList;
			buildConfigurations = (
				C5B85AF51AA5E9F5009960DC /* Debug */,
				C5B85AF61AA5E9F5009960DC /* Release */,
			);
			defaultConfigurationIsVisible = 0;
			defaultConfigurationName = Release;
		};
		C5B85AF81AA5E9F5009960DC /* Build configuration list for PBXNativeTarget "ApWatchGPS-SKMaps WatchKit Extension" */ = {
			isa = XCConfigurationList;
			buildConfigurations = (
				C5B85AF31AA5E9F5009960DC /* Debug */,
				C5B85AF41AA5E9F5009960DC /* Release */,
			);
			defaultConfigurationIsVisible = 0;
			defaultConfigurationName = Release;
		};
/* End XCConfigurationList section */
	};
	rootObject = C577D3DA1AA58F9900B0C7F9 /* Project object */;
}
